{
  "name": "shoryabaj",
  "version": "1.0.0",
  "lockfileVersion": 3,
  "requires": true,
  "packages": {
    "": {
      "name": "shoryabaj",
      "version": "1.0.0",
      "license": "MIT",
      "dependencies": {
        "@shoryabaj/utils": "^0.0.1",
        "@shoryabaj/utils-test": "^0.0.1",
        "test-library-components-shorya": "^0.0.3"
      },
      "devDependencies": {
        "typescript": "^5.9.3"
      }
    },
    "node_modules/@shoryabaj/utils": {
      "version": "0.0.1",
      "resolved": "https://registry.npmjs.org/@shoryabaj/utils/-/utils-0.0.1.tgz",
      "integrity": "sha512-bX6nG1CTZPna/rKUnCLX5KxF0wHnT7IWwX9wWwUDdit2I7EdrITbsWwgN76RLkPvi6CTud6DbrWf4WpgrDOxEQ==",
      "license": "MIT"
    },
    "node_modules/@shoryabaj/utils-test": {
      "version": "0.0.1",
      "resolved": "https://registry.npmjs.org/@shoryabaj/utils-test/-/utils-test-0.0.1.tgz",
      "integrity": "sha512-cFn065a0cQDVTybbT5ELEOhdmBY8C6GFcCyzf9mPZyXQj4Te5pU837nCI1/rmR6lNqjeMrs+zExgoeIeK+gLSQ==",
      "license": "MIT"
    },
    "node_modules/react": {
      "version": "19.2.0",
      "resolved": "https://registry.npmjs.org/react/-/react-19.2.0.tgz",
      "integrity": "sha512-tmbWg6W31tQLeB5cdIBOicJDJRR2KzXsV7uSK9iNfLWQ5bIZfxuPEHp7M8wiHyHnn0DD1i7w3Zmin0FtkrwoCQ==",
      "license": "MIT",
      "peer": true,
      "engines": {
        "node": ">=0.10.0"
      }
    },
    "node_modules/react-dom": {
      "version": "19.2.0",
      "resolved": "https://registry.npmjs.org/react-dom/-/react-dom-19.2.0.tgz",
      "integrity": "sha512-UlbRu4cAiGaIewkPyiRGJk0imDN2T3JjieT6spoL2UeSf5od4n5LB/mQ4ejmxhCFT1tYe8IvaFulzynWovsEFQ==",
      "license": "MIT",
      "peer": true,
      "dependencies": {
        "scheduler": "^0.27.0"
      },
      "peerDependencies": {
        "react": "^19.2.0"
      }
    },
    "node_modules/scheduler": {
      "version": "0.27.0",
      "resolved": "https://registry.npmjs.org/scheduler/-/scheduler-0.27.0.tgz",
      "integrity": "sha512-eNv+WrVbKu1f3vbYJT/xtiF5syA5HPIMtf9IgY/nKg0sWqzAUEvqY/xm7OcZc/qafLx/iO9FgOmeSAp4v5ti/Q==",
      "license": "MIT",
      "peer": true
    },
    "node_modules/test-library-components-shorya": {
      "version": "0.0.3",
      "resolved": "https://registry.npmjs.org/test-library-components-shorya/-/test-library-components-shorya-0.0.3.tgz",
      "integrity": "sha512-PC6UvK8iYIyqxuoZ/wqOgSq35RzJNhvlEHYIlhQs0Nuw9iTblmOJtPe6p/BTOVT9oUonq1jwQfIiaxgbiyB60A==",
      "license": "MIT",
      "peerDependencies": {
        "react": "^19.0.0",
        "react-dom": "^19.0.0"
      }
    },
    "node_modules/typescript": {
      "version": "5.9.3",
      "resolved": "https://registry.npmjs.org/typescript/-/typescript-5.9.3.tgz",
      "integrity": "sha512-jl1vZzPDinLr9eUt3J/t7V6FgNEw9QjvBPdysz9KfQDD41fQrC2Y4vKQdiaUpFT4bXlb1RHhLpp8wtm6M5TgSw==",
      "dev": true,
      "license": "Apache-2.0",
      "bin": {
        "tsc": "bin/tsc",
        "tsserver": "bin/tsserver"
      },
      "engines": {
        "node": ">=14.17"
      }
    }
  }
}
